{
  "version": 4,
  "terraform_version": "1.14.8",
  "serial": 46,
  "lineage": "e17ca184-bea8-dd97-ce2e-dc849e75bbb1",
  "outputs": {},
  "resources": [
    {
      "module": "module.aws",
      "mode": "managed",
      "type": "aws_eip",
      "name": "audio_service",
      "provider": "provider[\"registry.terraform.io/hashicorp/aws\"]",
      "instances": [
        {
          "schema_version": 0,
          "attributes": {
            "address": null,
            "allocation_id": "eipalloc-0e1d3a70f4cf9f2b9",
            "arn": "arn:aws:ec2:ap-south-1:257394475287:elastic-ip/eipalloc-0e1d3a70f4cf9f2b9",
            "associate_with_private_ip": null,
            "association_id": "eipassoc-066fde7b6aca64f06",
            "carrier_ip": "",
            "customer_owned_ip": "",
            "customer_owned_ipv4_pool": "",
            "domain": "vpc",
            "id": "eipalloc-0e1d3a70f4cf9f2b9",
            "instance": "i-0cfa1a9aaed8bacc7",
            "ipam_pool_id": null,
            "network_border_group": "ap-south-1",
            "network_interface": "eni-0428e13196d79e516",
            "private_dns": "ip-172-31-43-231.ap-south-1.compute.internal",
            "private_ip": "172.31.43.231",
            "ptr_record": "",
            "public_dns": "ec2-13-200-223-160.ap-south-1.compute.amazonaws.com",
            "public_ip": "13.200.223.160",
            "public_ipv4_pool": "amazon",
            "tags": {
              "Name": "audio-service-eip",
              "Project": "platform"
            },
            "tags_all": {
              "Name": "audio-service-eip",
              "Project": "platform"
            },
            "timeouts": null,
            "vpc": true
          },
          "sensitive_attributes": [],
          "identity_schema_version": 0,
          "private": "eyJlMmJmYjczMC1lY2FhLTExZTYtOGY4OC0zNDM2M2JjN2M0YzAiOnsiZGVsZXRlIjoxODAwMDAwMDAwMDAsInJlYWQiOjkwMDAwMDAwMDAwMCwidXBkYXRlIjozMDAwMDAwMDAwMDB9fQ==",
          "dependencies": [
            "module.aws.aws_instance.audio_service"
          ]
        }
      ]
    },
    {
      "module": "module.aws",
      "mode": "managed",
      "type": "aws_instance",
      "name": "audio_service",
      "provider": "provider[\"registry.terraform.io/hashicorp/aws\"]",
      "instances": [
        {
          "schema_version": 1,
          "attributes": {
            "ami": "ami-05d2d839d4f73aafb",
            "arn": "arn:aws:ec2:ap-south-1:257394475287:instance/i-0cfa1a9aaed8bacc7",
            "associate_public_ip_address": true,
            "availability_zone": "ap-south-1a",
            "capacity_reservation_specification": [
              {
                "capacity_reservation_preference": "open",
                "capacity_reservation_target": []
              }
            ],
            "cpu_core_count": 1,
            "cpu_options": [
              {
                "amd_sev_snp": "",
                "core_count": 1,
                "threads_per_core": 2
              }
            ],
            "cpu_threads_per_core": 2,
            "credit_specification": [
              {
                "cpu_credits": "unlimited"
              }
            ],
            "disable_api_stop": false,
            "disable_api_termination": false,
            "ebs_block_device": [],
            "ebs_optimized": true,
            "enable_primary_ipv6": null,
            "enclave_options": [
              {
                "enabled": false
              }
            ],
            "ephemeral_block_device": [],
            "get_password_data": false,
            "hibernation": false,
            "host_id": "",
            "host_resource_group_arn": null,
            "iam_instance_profile": "",
            "id": "i-0cfa1a9aaed8bacc7",
            "instance_initiated_shutdown_behavior": "stop",
            "instance_lifecycle": "",
            "instance_market_options": [],
            "instance_state": "running",
            "instance_type": "t3.micro",
            "ipv6_address_count": 0,
            "ipv6_addresses": [],
            "key_name": "audio-service-ec2",
            "launch_template": [],
            "maintenance_options": [
              {
                "auto_recovery": "default"
              }
            ],
            "metadata_options": [
              {
                "http_endpoint": "enabled",
                "http_protocol_ipv6": "disabled",
                "http_put_response_hop_limit": 2,
                "http_tokens": "required",
                "instance_metadata_tags": "disabled"
              }
            ],
            "monitoring": false,
            "network_interface": [],
            "outpost_arn": "",
            "password_data": "",
            "placement_group": "",
            "placement_partition_number": 0,
            "primary_network_interface_id": "eni-0428e13196d79e516",
            "private_dns": "ip-172-31-43-231.ap-south-1.compute.internal",
            "private_dns_name_options": [
              {
                "enable_resource_name_dns_a_record": true,
                "enable_resource_name_dns_aaaa_record": false,
                "hostname_type": "ip-name"
              }
            ],
            "private_ip": "172.31.43.231",
            "public_dns": "ec2-13-200-223-160.ap-south-1.compute.amazonaws.com",
            "public_ip": "13.200.223.160",
            "root_block_device": [
              {
                "delete_on_termination": true,
                "device_name": "/dev/sda1",
                "encrypted": false,
                "iops": 3000,
                "kms_key_id": "",
                "tags": {},
                "tags_all": {},
                "throughput": 125,
                "volume_id": "vol-0a792eba828fc2110",
                "volume_size": 20,
                "volume_type": "gp3"
              }
            ],
            "secondary_private_ips": [],
            "security_groups": [
              "default"
            ],
            "source_dest_check": true,
            "spot_instance_request_id": "",
            "subnet_id": "subnet-068134a528fe89f19",
            "tags": {
              "Name": "audio-service",
              "Project": "platform"
            },
            "tags_all": {
              "Name": "audio-service",
              "Project": "platform"
            },
            "tenancy": "default",
            "timeouts": null,
            "user_data": null,
            "user_data_base64": null,
            "user_data_replace_on_change": false,
            "volume_tags": null,
            "vpc_security_group_ids": [
              "sg-0ccf8655e8c127df7"
            ]
          },
          "sensitive_attributes": [],
          "identity_schema_version": 0,
          "private": "eyJlMmJmYjczMC1lY2FhLTExZTYtOGY4OC0zNDM2M2JjN2M0YzAiOnsiY3JlYXRlIjo2MDAwMDAwMDAwMDAsImRlbGV0ZSI6MTIwMDAwMDAwMDAwMCwicmVhZCI6OTAwMDAwMDAwMDAwLCJ1cGRhdGUiOjYwMDAwMDAwMDAwMH0sInNjaGVtYV92ZXJzaW9uIjoiMSJ9"
        }
      ]
    },
    {
      "module": "module.azure",
      "mode": "managed",
      "type": "azuredevops_build_definition",
      "name": "api_gateway",
      "provider": "provider[\"registry.terraform.io/microsoft/azuredevops\"]",
      "instances": [
        {
          "schema_version": 0,
          "attributes": {
            "agent_pool_name": "Azure Pipelines",
            "agent_specification": null,
            "build_completion_trigger": [],
            "ci_trigger": [
              {
                "override": [],
                "use_yaml": true
              }
            ],
            "features": [],
            "id": "3",
            "job_authorization_scope": "projectCollection",
            "jobs": [],
            "name": "lsuthar-coder.platform-api-gateway",
            "path": "\\",
            "project_id": "2511aae5-8d6f-4e1f-8680-ebb7110744d1",
            "pull_request_trigger": [],
            "queue_status": "enabled",
            "repository": [
              {
                "branch_name": "refs/heads/main",
                "github_enterprise_url": "",
                "repo_id": "lsuthar-coder/platform-api-gateway",
                "repo_type": "GitHub",
                "report_build_status": true,
                "service_connection_id": "c44dce55-f94d-4597-996c-910189341eab",
                "url": "https://github.com/lsuthar-coder/platform-api-gateway.git",
                "yml_path": "azure-pipelines.yml"
              }
            ],
            "revision": 3,
            "schedules": [],
            "timeouts": null,
            "variable": [],
            "variable_groups": []
          },
          "sensitive_attributes": [],
          "identity_schema_version": 0,
          "private": "eyJlMmJmYjczMC1lY2FhLTExZTYtOGY4OC0zNDM2M2JjN2M0YzAiOnsiY3JlYXRlIjoxODAwMDAwMDAwMDAwLCJkZWxldGUiOjE4MDAwMDAwMDAwMDAsInJlYWQiOjMwMDAwMDAwMDAwMCwidXBkYXRlIjoxODAwMDAwMDAwMDAwfX0=",
          "dependencies": [
            "module.azure.azuredevops_project.platform"
          ]
        }
      ]
    },
    {
      "module": "module.azure",
      "mode": "managed",
      "type": "azuredevops_build_definition",
      "name": "auth_service",
      "provider": "provider[\"registry.terraform.io/microsoft/azuredevops\"]",
      "instances": [
        {
          "schema_version": 0,
          "attributes": {
            "agent_pool_name": "Azure Pipelines",
            "agent_specification": null,
            "build_completion_trigger": [],
            "ci_trigger": [
              {
                "override": [],
                "use_yaml": true
              }
            ],
            "features": [],
            "id": "2",
            "job_authorization_scope": "projectCollection",
            "jobs": [],
            "name": "lsuthar-coder.platform-auth-service",
            "path": "\\",
            "project_id": "2511aae5-8d6f-4e1f-8680-ebb7110744d1",
            "pull_request_trigger": [],
            "queue_status": "enabled",
            "repository": [
              {
                "branch_name": "refs/heads/main",
                "github_enterprise_url": "",
                "repo_id": "lsuthar-coder/platform-auth-service",
                "repo_type": "GitHub",
                "report_build_status": true,
                "service_connection_id": "c44dce55-f94d-4597-996c-910189341eab",
                "url": "https://github.com/lsuthar-coder/platform-auth-service.git",
                "yml_path": "azure-pipelines.yml"
              }
            ],
            "revision": 3,
            "schedules": [],
            "timeouts": null,
            "variable": [],
            "variable_groups": []
          },
          "sensitive_attributes": [],
          "identity_schema_version": 0,
          "private": "eyJlMmJmYjczMC1lY2FhLTExZTYtOGY4OC0zNDM2M2JjN2M0YzAiOnsiY3JlYXRlIjoxODAwMDAwMDAwMDAwLCJkZWxldGUiOjE4MDAwMDAwMDAwMDAsInJlYWQiOjMwMDAwMDAwMDAwMCwidXBkYXRlIjoxODAwMDAwMDAwMDAwfX0=",
          "dependencies": [
            "module.azure.azuredevops_project.platform"
          ]
        }
      ]
    },
    {
      "module": "module.azure",
      "mode": "managed",
      "type": "azuredevops_build_definition",
      "name": "feature_flag_service",
      "provider": "provider[\"registry.terraform.io/microsoft/azuredevops\"]",
      "instances": [
        {
          "schema_version": 0,
          "attributes": {
            "agent_pool_name": "Azure Pipelines",
            "agent_specification": null,
            "build_completion_trigger": [],
            "ci_trigger": [
              {
                "override": [],
                "use_yaml": true
              }
            ],
            "features": [],
            "id": "1",
            "job_authorization_scope": "projectCollection",
            "jobs": [],
            "name": "lsuthar-coder.platform-feature-flag-service",
            "path": "\\",
            "project_id": "2511aae5-8d6f-4e1f-8680-ebb7110744d1",
            "pull_request_trigger": [],
            "queue_status": "enabled",
            "repository": [
              {
                "branch_name": "refs/heads/main",
                "github_enterprise_url": "",
                "repo_id": "lsuthar-coder/platform-feature-flag-service",
                "repo_type": "GitHub",
                "report_build_status": true,
                "service_connection_id": "c44dce55-f94d-4597-996c-910189341eab",
                "url": "https://github.com/lsuthar-coder/platform-feature-flag-service.git",
                "yml_path": "azure-pipelines.yml"
              }
            ],
            "revision": 3,
            "schedules": [],
            "timeouts": null,
            "variable": [],
            "variable_groups": []
          },
          "sensitive_attributes": [],
          "identity_schema_version": 0,
          "private": "eyJlMmJmYjczMC1lY2FhLTExZTYtOGY4OC0zNDM2M2JjN2M0YzAiOnsiY3JlYXRlIjoxODAwMDAwMDAwMDAwLCJkZWxldGUiOjE4MDAwMDAwMDAwMDAsInJlYWQiOjMwMDAwMDAwMDAwMCwidXBkYXRlIjoxODAwMDAwMDAwMDAwfX0=",
          "dependencies": [
            "module.azure.azuredevops_project.platform"
          ]
        }
      ]
    },
    {
      "module": "module.azure",
      "mode": "managed",
      "type": "azuredevops_project",
      "name": "platform",
      "provider": "provider[\"registry.terraform.io/microsoft/azuredevops\"]",
      "instances": [
        {
          "schema_version": 0,
          "attributes": {
            "description": "",
            "features": {},
            "id": "2511aae5-8d6f-4e1f-8680-ebb7110744d1",
            "name": "platform",
            "process_template_id": "b8a3a935-7e91-48b8-a94c-606d37c3e9f2",
            "timeouts": null,
            "version_control": "Git",
            "visibility": "private",
            "work_item_template": "Basic"
          },
          "sensitive_attributes": [],
          "identity_schema_version": 0,
          "private": "eyJlMmJmYjczMC1lY2FhLTExZTYtOGY4OC0zNDM2M2JjN2M0YzAiOnsiY3JlYXRlIjo2MDAwMDAwMDAwMDAsImRlbGV0ZSI6NjAwMDAwMDAwMDAwLCJyZWFkIjozMDAwMDAwMDAwMDAsInVwZGF0ZSI6NjAwMDAwMDAwMDAwfSwic2NoZW1hX3ZlcnNpb24iOiIwIn0="
        }
      ]
    },
    {
      "module": "module.civo",
      "mode": "managed",
      "type": "civo_kubernetes_cluster",
      "name": "platform",
      "provider": "provider[\"registry.terraform.io/civo/civo\"]",
      "instances": [
        {
          "schema_version": 0,
          "attributes": {
            "api_endpoint": "https://212.2.249.165:6443",
            "applications": null,
            "cluster_type": "k3s",
            "cni": "cilium",
            "created_at": "2026-04-10 08:57:14 +0000 UTC",
            "dns_entry": "33b87816-1d08-4d84-97c1-d94e0d218d84.k8s.civo.com",
            "firewall_id": "27592890-665c-45a7-ba48-4bf41c323e85",
            "id": "33b87816-1d08-4d84-97c1-d94e0d218d84",
            "installed_applications": [
              {
                "application": "metrics-server",
                "category": "architecture",
                "installed": true,
                "version": "(default)"
              },
              {
                "application": "traefik2-nodeport",
                "category": "architecture",
                "installed": true,
                "version": "2.9.4"
              }
            ],
            "kubeconfig": "",
            "kubernetes_version": "1.35.0-k3s1",
            "master_ip": "212.2.249.165",
            "name": "Platform",
            "network_id": "904eaef3-7caf-40c2-8705-80e76c98acf3",
            "num_target_nodes": 2,
            "pools": [
              {
                "instance_names": [
                  "k3s-platform-123a-82b2a2-node-pool-1626-cjlrv",
                  "k3s-platform-123a-82b2a2-node-pool-1626-gtrxd"
                ],
                "label": "8f679475-221e-44d9-83c8-c02bfc0803d0",
                "labels": {},
                "node_count": 2,
                "public_ip_node_pool": false,
                "size": "g4s.kube.large",
                "taint": []
              }
            ],
            "ready": true,
            "region": "MUM1",
            "status": "ACTIVE",
            "tags": "",
            "target_nodes_size": "g4s.kube.large",
            "timeouts": null,
            "volume_type": null,
            "write_kubeconfig": false
          },
          "sensitive_attributes": [
            [
              {
                "type": "get_attr",
                "value": "kubeconfig"
              }
            ]
          ],
          "identity_schema_version": 0,
          "private": "eyJlMmJmYjczMC1lY2FhLTExZTYtOGY4OC0zNDM2M2JjN2M0YzAiOnsiY3JlYXRlIjoxODAwMDAwMDAwMDAwLCJkZWxldGUiOjE4MDAwMDAwMDAwMDAsInVwZGF0ZSI6MTgwMDAwMDAwMDAwMH19"
        }
      ]
    },
    {
      "module": "module.cloudflare",
      "mode": "managed",
      "type": "cloudflare_record",
      "name": "api",
      "provider": "provider[\"registry.terraform.io/cloudflare/cloudflare\"]",
      "instances": [
        {
          "schema_version": 3,
          "attributes": {
            "allow_overwrite": false,
            "comment": "",
            "content": "212.2.248.221",
            "created_on": "2026-04-02T10:37:46.973963Z",
            "data": [],
            "hostname": "api.lsuthar.in",
            "id": "c429fb959e34501f3cae475569f89490",
            "metadata": {},
            "modified_on": "2026-04-11T08:37:30.24879Z",
            "name": "api",
            "priority": null,
            "proxiable": true,
            "proxied": false,
            "tags": [],
            "timeouts": null,
            "ttl": 1,
            "type": "A",
            "value": null,
            "zone_id": "c2478be526c3cbf2bfaef2c8376a469f"
          },
          "sensitive_attributes": [],
          "identity_schema_version": 0,
          "private": "eyJlMmJmYjczMC1lY2FhLTExZTYtOGY4OC0zNDM2M2JjN2M0YzAiOnsiY3JlYXRlIjozMDAwMDAwMDAwMCwidXBkYXRlIjozMDAwMDAwMDAwMH0sInNjaGVtYV92ZXJzaW9uIjoiMyJ9"
        }
      ]
    },
    {
      "module": "module.cloudflare",
      "mode": "managed",
      "type": "cloudflare_record",
      "name": "audio",
      "provider": "provider[\"registry.terraform.io/cloudflare/cloudflare\"]",
      "instances": [
        {
          "schema_version": 3,
          "attributes": {
            "allow_overwrite": false,
            "comment": "",
            "content": "13.200.223.160",
            "created_on": "2026-04-02T10:38:56.51705Z",
            "data": [],
            "hostname": "audio.lsuthar.in",
            "id": "d9a3b3ca8b7ab7b50fd7414cff1d30c9",
            "metadata": {},
            "modified_on": "2026-04-14T12:33:31.503323Z",
            "name": "audio",
            "priority": null,
            "proxiable": true,
            "proxied": false,
            "tags": [],
            "timeouts": null,
            "ttl": 1,
            "type": "A",
            "value": null,
            "zone_id": "c2478be526c3cbf2bfaef2c8376a469f"
          },
          "sensitive_attributes": [],
          "identity_schema_version": 0,
          "private": "eyJlMmJmYjczMC1lY2FhLTExZTYtOGY4OC0zNDM2M2JjN2M0YzAiOnsiY3JlYXRlIjozMDAwMDAwMDAwMCwidXBkYXRlIjozMDAwMDAwMDAwMH0sInNjaGVtYV92ZXJzaW9uIjoiMyJ9",
          "dependencies": [
            "module.aws.aws_eip.audio_service",
            "module.aws.aws_instance.audio_service"
          ]
        }
      ]
    },
    {
      "module": "module.cloudflare",
      "mode": "managed",
      "type": "cloudflare_record",
      "name": "flags",
      "provider": "provider[\"registry.terraform.io/cloudflare/cloudflare\"]",
      "instances": [
        {
          "schema_version": 3,
          "attributes": {
            "allow_overwrite": false,
            "comment": "",
            "content": "212.2.248.221",
            "created_on": "2026-04-02T10:38:09.905589Z",
            "data": [],
            "hostname": "flags.lsuthar.in",
            "id": "748d2648dd79666e9ecb7d084a2f1d62",
            "metadata": {},
            "modified_on": "2026-04-16T17:49:37.665045Z",
            "name": "flags",
            "priority": null,
            "proxiable": true,
            "proxied": false,
            "tags": [],
            "timeouts": null,
            "ttl": 1,
            "type": "A",
            "value": null,
            "zone_id": "c2478be526c3cbf2bfaef2c8376a469f"
          },
          "sensitive_attributes": [],
          "identity_schema_version": 0,
          "private": "eyJlMmJmYjczMC1lY2FhLTExZTYtOGY4OC0zNDM2M2JjN2M0YzAiOnsiY3JlYXRlIjozMDAwMDAwMDAwMCwidXBkYXRlIjozMDAwMDAwMDAwMH0sInNjaGVtYV92ZXJzaW9uIjoiMyJ9"
        }
      ]
    },
    {
      "module": "module.cloudflare",
      "mode": "managed",
      "type": "cloudflare_record",
      "name": "grafana",
      "provider": "provider[\"registry.terraform.io/cloudflare/cloudflare\"]",
      "instances": [
        {
          "schema_version": 3,
          "attributes": {
            "allow_overwrite": false,
            "comment": "",
            "content": "212.2.248.221",
            "created_on": "2026-04-02T10:38:45.461391Z",
            "data": [],
            "hostname": "grafana.lsuthar.in",
            "id": "0dd0c32c4e4c5131116821c875f653cf",
            "metadata": {},
            "modified_on": "2026-04-14T12:48:35.753287Z",
            "name": "grafana",
            "priority": null,
            "proxiable": true,
            "proxied": false,
            "tags": [],
            "timeouts": null,
            "ttl": 1,
            "type": "A",
            "value": null,
            "zone_id": "c2478be526c3cbf2bfaef2c8376a469f"
          },
          "sensitive_attributes": [],
          "identity_schema_version": 0,
          "private": "eyJlMmJmYjczMC1lY2FhLTExZTYtOGY4OC0zNDM2M2JjN2M0YzAiOnsiY3JlYXRlIjozMDAwMDAwMDAwMCwidXBkYXRlIjozMDAwMDAwMDAwMH0sInNjaGVtYV92ZXJzaW9uIjoiMyJ9"
        }
      ]
    },
    {
      "module": "module.cloudflare",
      "mode": "managed",
      "type": "cloudflare_record",
      "name": "logs",
      "provider": "provider[\"registry.terraform.io/cloudflare/cloudflare\"]",
      "instances": [
        {
          "schema_version": 3,
          "attributes": {
            "allow_overwrite": false,
            "comment": "",
            "content": "212.2.248.221",
            "created_on": "2026-04-02T10:38:23.680494Z",
            "data": [],
            "hostname": "logs.lsuthar.in",
            "id": "9bc7b7236a6027641f26103d21090aa2",
            "metadata": {},
            "modified_on": "2026-04-16T17:49:38.142245Z",
            "name": "logs",
            "priority": null,
            "proxiable": true,
            "proxied": false,
            "tags": [],
            "timeouts": null,
            "ttl": 1,
            "type": "A",
            "value": null,
            "zone_id": "c2478be526c3cbf2bfaef2c8376a469f"
          },
          "sensitive_attributes": [],
          "identity_schema_version": 0,
          "private": "eyJlMmJmYjczMC1lY2FhLTExZTYtOGY4OC0zNDM2M2JjN2M0YzAiOnsiY3JlYXRlIjozMDAwMDAwMDAwMCwidXBkYXRlIjozMDAwMDAwMDAwMH0sInNjaGVtYV92ZXJzaW9uIjoiMyJ9"
        }
      ]
    }
  ],
  "check_results": null
}
